{
  "name": "rsc-notes-with-react-server-dom-esm",
  "version": "1.0.0",
  "lockfileVersion": 3,
  "requires": true,
  "packages": {
    "": {
      "name": "rsc-notes-with-react-server-dom-esm",
      "version": "1.0.0",
      "license": "ISC",
      "dependencies": {
        "@hono/node-server": "^1.14.4",
        "hono": "^4.7.11"
      },
      "devDependencies": {
        "prettier": "3.5.3"
      }
    },
    "node_modules/@hono/node-server": {
      "version": "1.14.4",
      "resolved": "https://registry.npmjs.org/@hono/node-server/-/node-server-1.14.4.tgz",
      "integrity": "sha512-DnxpshhYewr2q9ZN8ez/M5mmc3sucr8CT1sIgIy1bkeUXut9XWDkqHoFHRhWIQgkYnKpVRxunyhK7WzpJeJ6qQ==",
      "license": "MIT",
      "engines": {
        "node": ">=18.14.1"
      },
      "peerDependencies": {
        "hono": "^4"
      }
    },
    "node_modules/hono": {
      "version": "4.7.11",
      "resolved": "https://registry.npmjs.org/hono/-/hono-4.7.11.tgz",
      "integrity": "sha512-rv0JMwC0KALbbmwJDEnxvQCeJh+xbS3KEWW5PC9cMJ08Ur9xgatI0HmtgYZfOdOSOeYsp5LO2cOhdI8cLEbDEQ==",
      "license": "MIT",
      "engines": {
        "node": ">=16.9.0"
      }
    },
    "node_modules/prettier": {
      "version": "3.5.3",
      "resolved": "https://registry.npmjs.org/prettier/-/prettier-3.5.3.tgz",
      "integrity": "sha512-QQtaxnoDJeAkDvDKWCLiwIXkTgRhwYDEQCghU9Z6q03iyek/rxRh/2lC3HB7P8sWT2xC/y5JDctPLBIGzHKbhw==",
      "dev": true,
      "license": "MIT",
      "bin": {
        "prettier": "bin/prettier.cjs"
      },
      "engines": {
        "node": ">=14"
      },
      "funding": {
        "url": "https://github.com/prettier/prettier?sponsor=1"
      }
    }
  }
}
